{
  "name": "lock-wtf",
  "requires": true,
  "lockfileVersion": 1,
  "dependencies": {
    "bft": {
      "version": "1.2.1",
      "resolved": "https://registry.npmjs.org/bft/-/bft-1.2.1.tgz",
      "integrity": "sha512-wPJ762JkSQ0dGkySUOUG7mz1co1YJp26evBpRweSlwQv8udFm4ICFsrzoOapjfLpn1lVKhssR8873W4rZh2IPg=="
    },
    "prettier": {
      "version": "2.5.1",
      "resolved": "https://registry.npmjs.org/prettier/-/prettier-2.5.1.tgz",
      "integrity": "sha512-vBZcPRUR5MZJwoyi3ZoyQlc1rXeEck8KgeC9AwwOn+exuxLxq5toTRDTSaVrXHxelDMHy9zlicw8u66yxoSUFg=="
    }
  }
}
